{
  "name": "rutoken-plugin-remote",
  "version": "1.0.0",
  "lockfileVersion": 2,
  "requires": true,
  "packages": {
    "": {
      "name": "plugin-remote",
      "version": "1.0.0",
      "license": "ISC",
      "dependencies": {
        "rutoken-plugin-remote": "^1.0.0"
      }
    },
    "node_modules/rutoken-plugin-remote": {
      "version": "1.0.0",
      "resolved": "https://registry.npmjs.org/rutoken-plugin-remote/-/rutoken-plugin-remote-1.0.0.tgz",
      "integrity": "sha512-rvueUKVhOchMoKcP9hd2NrNEbvMxcQue9w3sZ/5xErPsfVgs8zbz6I/Y4IO5dRCyhnC/mBntWEtonc5C62yIOg=="
    }
  },
  "dependencies": {
    "rutoken-plugin-remote": {
      "version": "1.0.0",
      "resolved": "https://registry.npmjs.org/rutoken-plugin-remote/-/rutoken-plugin-remote-1.0.0.tgz",
      "integrity": "sha512-rvueUKVhOchMoKcP9hd2NrNEbvMxcQue9w3sZ/5xErPsfVgs8zbz6I/Y4IO5dRCyhnC/mBntWEtonc5C62yIOg=="
    }
  }
}
